
Microsoft Visual Studio Solution File, Format Version 12.00
# Visual Studio Version 17
VisualStudioVersion = 17.12.35527.113 d17.12
MinimumVisualStudioVersion = 10.0.40219.1
Project("{FAE04EC0-301F-11D3-BF4B-00C04F79EFBC}") = "TZ.Backend.DataBase", "TZ.Backend.DataBase\TZ.Backend.DataBase.csproj", "{95CC80C3-71E5-4D01-B228-F5A06F3C5F73}"
EndProject
Project("{FAE04EC0-301F-11D3-BF4B-00C04F79EFBC}") = "TZ.Backend.Services", "TZ.Backend.Services\TZ.Backend.Services.csproj", "{93513D97-878F-43A8-A43A-8C7D8A8230B0}"
EndProject
Project("{FAE04EC0-301F-11D3-BF4B-00C04F79EFBC}") = "TZ.Backend.Models", "TZ.Backend.Models\TZ.Backend.Models.csproj", "{7B747337-3D83-4F90-9118-4281D9C36CD0}"
EndProject
Project("{FAE04EC0-301F-11D3-BF4B-00C04F79EFBC}") = "TZ.Backend.Console", "TZ.Backend.Console\TZ.Backend.Console.csproj", "{3B7D52E8-CE1C-40B4-BEFD-677D33510E06}"
EndProject
Global
	GlobalSection(SolutionConfigurationPlatforms) = preSolution
		Debug|Any CPU = Debug|Any CPU
		Release|Any CPU = Release|Any CPU
	EndGlobalSection
	GlobalSection(ProjectConfigurationPlatforms) = postSolution
		{95CC80C3-71E5-4D01-B228-F5A06F3C5F73}.Debug|Any CPU.ActiveCfg = Debug|Any CPU
		{95CC80C3-71E5-4D01-B228-F5A06F3C5F73}.Debug|Any CPU.Build.0 = Debug|Any CPU
		{95CC80C3-71E5-4D01-B228-F5A06F3C5F73}.Release|Any CPU.ActiveCfg = Release|Any CPU
		{95CC80C3-71E5-4D01-B228-F5A06F3C5F73}.Release|Any CPU.Build.0 = Release|Any CPU
		{93513D97-878F-43A8-A43A-8C7D8A8230B0}.Debug|Any CPU.ActiveCfg = Debug|Any CPU
		{93513D97-878F-43A8-A43A-8C7D8A8230B0}.Debug|Any CPU.Build.0 = Debug|Any CPU
		{93513D97-878F-43A8-A43A-8C7D8A8230B0}.Release|Any CPU.ActiveCfg = Release|Any CPU
		{93513D97-878F-43A8-A43A-8C7D8A8230B0}.Release|Any CPU.Build.0 = Release|Any CPU
		{7B747337-3D83-4F90-9118-4281D9C36CD0}.Debug|Any CPU.ActiveCfg = Debug|Any CPU
		{7B747337-3D83-4F90-9118-4281D9C36CD0}.Debug|Any CPU.Build.0 = Debug|Any CPU
		{7B747337-3D83-4F90-9118-4281D9C36CD0}.Release|Any CPU.ActiveCfg = Release|Any CPU
		{7B747337-3D83-4F90-9118-4281D9C36CD0}.Release|Any CPU.Build.0 = Release|Any CPU
		{3B7D52E8-CE1C-40B4-BEFD-677D33510E06}.Debug|Any CPU.ActiveCfg = Debug|Any CPU
		{3B7D52E8-CE1C-40B4-BEFD-677D33510E06}.Debug|Any CPU.Build.0 = Debug|Any CPU
		{3B7D52E8-CE1C-40B4-BEFD-677D33510E06}.Release|Any CPU.ActiveCfg = Release|Any CPU
		{3B7D52E8-CE1C-40B4-BEFD-677D33510E06}.Release|Any CPU.Build.0 = Release|Any CPU
	EndGlobalSection
	GlobalSection(SolutionProperties) = preSolution
		HideSolutionNode = FALSE
	EndGlobalSection
EndGlobal
